
Microsoft Visual Studio Solution File, Format Version 12.00
# Visual Studio Express 15 for Windows Desktop
VisualStudioVersion = 15.0.27703.2047
MinimumVisualStudioVersion = 10.0.40219.1
Project("{FAE04EC0-301F-11D3-BF4B-00C04F79EFBC}") = "merge", "merge\merge.csproj", "{D09BA87E-0F20-4DC2-9442-A3CEEF533B23}"
EndProject
Global
	GlobalSection(SolutionConfigurationPlatforms) = preSolution
		Debug|Any CPU = Debug|Any CPU
		Release|Any CPU = Release|Any CPU
	EndGlobalSection
	GlobalSection(ProjectConfigurationPlatforms) = postSolution
		{D09BA87E-0F20-4DC2-9442-A3CEEF533B23}.Debug|Any CPU.ActiveCfg = Debug|Any CPU
		{D09BA87E-0F20-4DC2-9442-A3CEEF533B23}.Debug|Any CPU.Build.0 = Debug|Any CPU
		{D09BA87E-0F20-4DC2-9442-A3CEEF533B23}.Release|Any CPU.ActiveCfg = Release|Any CPU
		{D09BA87E-0F20-4DC2-9442-A3CEEF533B23}.Release|Any CPU.Build.0 = Release|Any CPU
	EndGlobalSection
	GlobalSection(SolutionProperties) = preSolution
		HideSolutionNode = FALSE
	EndGlobalSection
	GlobalSection(ExtensibilityGlobals) = postSolution
		SolutionGuid = {FDD4D451-7E8A-4522-9DE2-3475D12E8A2A}
	EndGlobalSection
EndGlobal
