
Microsoft Visual Studio Solution File, Format Version 12.00
# Visual Studio Express 15 for Windows Desktop
VisualStudioVersion = 15.0.27703.2047
MinimumVisualStudioVersion = 10.0.40219.1
Project("{FAE04EC0-301F-11D3-BF4B-00C04F79EFBC}") = "TicTacToe", "TicTacToe\TicTacToe.csproj", "{E12EB291-7CAA-4AD5-AF91-5F9CBB89052C}"
EndProject
Global
	GlobalSection(SolutionConfigurationPlatforms) = preSolution
		Debug|Any CPU = Debug|Any CPU
		Release|Any CPU = Release|Any CPU
	EndGlobalSection
	GlobalSection(ProjectConfigurationPlatforms) = postSolution
		{E12EB291-7CAA-4AD5-AF91-5F9CBB89052C}.Debug|Any CPU.ActiveCfg = Debug|Any CPU
		{E12EB291-7CAA-4AD5-AF91-5F9CBB89052C}.Debug|Any CPU.Build.0 = Debug|Any CPU
		{E12EB291-7CAA-4AD5-AF91-5F9CBB89052C}.Release|Any CPU.ActiveCfg = Release|Any CPU
		{E12EB291-7CAA-4AD5-AF91-5F9CBB89052C}.Release|Any CPU.Build.0 = Release|Any CPU
	EndGlobalSection
	GlobalSection(SolutionProperties) = preSolution
		HideSolutionNode = FALSE
	EndGlobalSection
	GlobalSection(ExtensibilityGlobals) = postSolution
		SolutionGuid = {DCFAD439-DB96-4799-ADB5-0054FED47C82}
	EndGlobalSection
EndGlobal
