
Microsoft Visual Studio Solution File, Format Version 12.00
# Visual Studio Express 15 for Windows Desktop
VisualStudioVersion = 15.0.27703.2047
MinimumVisualStudioVersion = 10.0.40219.1
Project("{FAE04EC0-301F-11D3-BF4B-00C04F79EFBC}") = "Knight on chess board", "Knight on chess board\Knight on chess board.csproj", "{591CE01E-51E5-46CA-977A-CEF04DBCFA8C}"
EndProject
Global
	GlobalSection(SolutionConfigurationPlatforms) = preSolution
		Debug|Any CPU = Debug|Any CPU
		Release|Any CPU = Release|Any CPU
	EndGlobalSection
	GlobalSection(ProjectConfigurationPlatforms) = postSolution
		{591CE01E-51E5-46CA-977A-CEF04DBCFA8C}.Debug|Any CPU.ActiveCfg = Debug|Any CPU
		{591CE01E-51E5-46CA-977A-CEF04DBCFA8C}.Debug|Any CPU.Build.0 = Debug|Any CPU
		{591CE01E-51E5-46CA-977A-CEF04DBCFA8C}.Release|Any CPU.ActiveCfg = Release|Any CPU
		{591CE01E-51E5-46CA-977A-CEF04DBCFA8C}.Release|Any CPU.Build.0 = Release|Any CPU
	EndGlobalSection
	GlobalSection(SolutionProperties) = preSolution
		HideSolutionNode = FALSE
	EndGlobalSection
	GlobalSection(ExtensibilityGlobals) = postSolution
		SolutionGuid = {645F97F9-35F0-4227-95F1-65439901A15E}
	EndGlobalSection
EndGlobal
