
Microsoft Visual Studio Solution File, Format Version 12.00
# Visual Studio Express 15 for Windows Desktop
VisualStudioVersion = 15.0.27703.2047
MinimumVisualStudioVersion = 10.0.40219.1
Project("{FAE04EC0-301F-11D3-BF4B-00C04F79EFBC}") = "Evalution", "Evalution\Evalution.csproj", "{7F158091-C657-43F0-A9CB-AAAAB5517053}"
EndProject
Global
	GlobalSection(SolutionConfigurationPlatforms) = preSolution
		Debug|Any CPU = Debug|Any CPU
		Release|Any CPU = Release|Any CPU
	EndGlobalSection
	GlobalSection(ProjectConfigurationPlatforms) = postSolution
		{7F158091-C657-43F0-A9CB-AAAAB5517053}.Debug|Any CPU.ActiveCfg = Debug|Any CPU
		{7F158091-C657-43F0-A9CB-AAAAB5517053}.Debug|Any CPU.Build.0 = Debug|Any CPU
		{7F158091-C657-43F0-A9CB-AAAAB5517053}.Release|Any CPU.ActiveCfg = Release|Any CPU
		{7F158091-C657-43F0-A9CB-AAAAB5517053}.Release|Any CPU.Build.0 = Release|Any CPU
	EndGlobalSection
	GlobalSection(SolutionProperties) = preSolution
		HideSolutionNode = FALSE
	EndGlobalSection
	GlobalSection(ExtensibilityGlobals) = postSolution
		SolutionGuid = {2E7ED775-3B11-4C7B-8F85-7699CDBD4C6E}
	EndGlobalSection
EndGlobal
