
Microsoft Visual Studio Solution File, Format Version 12.00
# Visual Studio Express 15 for Windows Desktop
VisualStudioVersion = 15.0.27703.2047
MinimumVisualStudioVersion = 10.0.40219.1
Project("{FAE04EC0-301F-11D3-BF4B-00C04F79EFBC}") = "project_1", "project_1\project_1.csproj", "{08CEF807-611B-481F-841E-A33C6B765337}"
EndProject
Global
	GlobalSection(SolutionConfigurationPlatforms) = preSolution
		Debug|Any CPU = Debug|Any CPU
		Release|Any CPU = Release|Any CPU
	EndGlobalSection
	GlobalSection(ProjectConfigurationPlatforms) = postSolution
		{08CEF807-611B-481F-841E-A33C6B765337}.Debug|Any CPU.ActiveCfg = Debug|Any CPU
		{08CEF807-611B-481F-841E-A33C6B765337}.Debug|Any CPU.Build.0 = Debug|Any CPU
		{08CEF807-611B-481F-841E-A33C6B765337}.Release|Any CPU.ActiveCfg = Release|Any CPU
		{08CEF807-611B-481F-841E-A33C6B765337}.Release|Any CPU.Build.0 = Release|Any CPU
	EndGlobalSection
	GlobalSection(SolutionProperties) = preSolution
		HideSolutionNode = FALSE
	EndGlobalSection
	GlobalSection(ExtensibilityGlobals) = postSolution
		SolutionGuid = {7536EB1B-2191-473E-9C42-9F5877D65D3B}
	EndGlobalSection
EndGlobal
