
Microsoft Visual Studio Solution File, Format Version 12.00
# Visual Studio Express 15 for Windows Desktop
VisualStudioVersion = 15.0.27703.2047
MinimumVisualStudioVersion = 10.0.40219.1
Project("{FAE04EC0-301F-11D3-BF4B-00C04F79EFBC}") = "ConsoleApp1", "ConsoleApp1\ConsoleApp1.csproj", "{EFD68A3C-BE0D-4C05-A92F-55462B412594}"
EndProject
Global
	GlobalSection(SolutionConfigurationPlatforms) = preSolution
		Debug|Any CPU = Debug|Any CPU
		Release|Any CPU = Release|Any CPU
	EndGlobalSection
	GlobalSection(ProjectConfigurationPlatforms) = postSolution
		{EFD68A3C-BE0D-4C05-A92F-55462B412594}.Debug|Any CPU.ActiveCfg = Debug|Any CPU
		{EFD68A3C-BE0D-4C05-A92F-55462B412594}.Debug|Any CPU.Build.0 = Debug|Any CPU
		{EFD68A3C-BE0D-4C05-A92F-55462B412594}.Release|Any CPU.ActiveCfg = Release|Any CPU
		{EFD68A3C-BE0D-4C05-A92F-55462B412594}.Release|Any CPU.Build.0 = Release|Any CPU
	EndGlobalSection
	GlobalSection(SolutionProperties) = preSolution
		HideSolutionNode = FALSE
	EndGlobalSection
	GlobalSection(ExtensibilityGlobals) = postSolution
		SolutionGuid = {92C41181-C18D-40B6-8BC9-54643B1BF09C}
	EndGlobalSection
EndGlobal
