
Microsoft Visual Studio Solution File, Format Version 12.00
# Visual Studio Express 15 for Windows Desktop
VisualStudioVersion = 15.0.27703.2047
MinimumVisualStudioVersion = 10.0.40219.1
Project("{FAE04EC0-301F-11D3-BF4B-00C04F79EFBC}") = "userControl", "userControl\userControl.csproj", "{19E905A4-C190-4DAA-A0FF-4953D8DEF063}"
EndProject
Global
	GlobalSection(SolutionConfigurationPlatforms) = preSolution
		Debug|Any CPU = Debug|Any CPU
		Release|Any CPU = Release|Any CPU
	EndGlobalSection
	GlobalSection(ProjectConfigurationPlatforms) = postSolution
		{19E905A4-C190-4DAA-A0FF-4953D8DEF063}.Debug|Any CPU.ActiveCfg = Debug|Any CPU
		{19E905A4-C190-4DAA-A0FF-4953D8DEF063}.Debug|Any CPU.Build.0 = Debug|Any CPU
		{19E905A4-C190-4DAA-A0FF-4953D8DEF063}.Release|Any CPU.ActiveCfg = Release|Any CPU
		{19E905A4-C190-4DAA-A0FF-4953D8DEF063}.Release|Any CPU.Build.0 = Release|Any CPU
	EndGlobalSection
	GlobalSection(SolutionProperties) = preSolution
		HideSolutionNode = FALSE
	EndGlobalSection
	GlobalSection(ExtensibilityGlobals) = postSolution
		SolutionGuid = {58755331-66D9-4D8C-9911-9102472EC99B}
	EndGlobalSection
EndGlobal
