
Microsoft Visual Studio Solution File, Format Version 12.00
# Visual Studio Express 15 for Windows Desktop
VisualStudioVersion = 15.0.27703.2047
MinimumVisualStudioVersion = 10.0.40219.1
Project("{FAE04EC0-301F-11D3-BF4B-00C04F79EFBC}") = "tree", "tree\tree.csproj", "{CA32F541-F4F1-424D-A172-68D80CB4E0D4}"
EndProject
Global
	GlobalSection(SolutionConfigurationPlatforms) = preSolution
		Debug|Any CPU = Debug|Any CPU
		Release|Any CPU = Release|Any CPU
	EndGlobalSection
	GlobalSection(ProjectConfigurationPlatforms) = postSolution
		{CA32F541-F4F1-424D-A172-68D80CB4E0D4}.Debug|Any CPU.ActiveCfg = Debug|Any CPU
		{CA32F541-F4F1-424D-A172-68D80CB4E0D4}.Debug|Any CPU.Build.0 = Debug|Any CPU
		{CA32F541-F4F1-424D-A172-68D80CB4E0D4}.Release|Any CPU.ActiveCfg = Release|Any CPU
		{CA32F541-F4F1-424D-A172-68D80CB4E0D4}.Release|Any CPU.Build.0 = Release|Any CPU
	EndGlobalSection
	GlobalSection(SolutionProperties) = preSolution
		HideSolutionNode = FALSE
	EndGlobalSection
	GlobalSection(ExtensibilityGlobals) = postSolution
		SolutionGuid = {3DB8296C-BDFD-4BDB-8B6B-B32FDFA18422}
	EndGlobalSection
EndGlobal
